# This file is automatically @generated by Cargo.
# It is not intended for manual editing.
version = 4

[[package]]
name = "base64ct"
version = "1.8.3"
source = "registry+https://github.com/rust-lang/crates.io-index"
checksum = "2af50177e190e07a26ab74f8b1efbfe2ef87da2116221318cb1c2e82baf7de06"

[[package]]
name = "bitflags"
version = "2.11.1"
source = "registry+https://github.com/rust-lang/crates.io-index"
checksum = "c4512299f36f043ab09a583e57bceb5a5aab7a73db1805848e8fef3c9e8c78b3"

[[package]]
name = "block-buffer"
version = "0.12.0"
source = "registry+https://github.com/rust-lang/crates.io-index"
checksum = "cdd35008169921d80bc60d3d0ab416eecb028c4cd653352907921d95084790be"
dependencies = [
 "hybrid-array",
]

[[package]]
name = "cfg-if"
version = "1.0.4"
source = "registry+https://github.com/rust-lang/crates.io-index"
checksum = "9330f8b2ff13f34540b44e946ef35111825727b38d33286ef986142615121801"

[[package]]
name = "cms"
version = "0.3.0-pre.2"
source = "registry+https://github.com/rust-lang/crates.io-index"
checksum = "986e7713348fbe5322df18082d73a0ad53a2946dbb7a02452cf3622b83b91e7c"
dependencies = [
 "const-oid",
 "der",
 "spki",
 "x509-cert",
]

[[package]]
name = "const-oid"
version = "0.10.2"
source = "registry+https://github.com/rust-lang/crates.io-index"
checksum = "a6ef517f0926dd24a1582492c791b6a4818a4d94e789a334894aa15b0d12f55c"

[[package]]
name = "crypto-common"
version = "0.2.2"
source = "registry+https://github.com/rust-lang/crates.io-index"
checksum = "ce6e4c961d6cd6c9a86db418387425e8bdeaf05b3c8bc1411e6dca4c252f1453"
dependencies = [
 "hybrid-array",
]

[[package]]
name = "cryptoki"
version = "0.12.0"
source = "registry+https://github.com/rust-lang/crates.io-index"
checksum = "ff765b99fc49f3116c9a908484486a2b92fd73c48da45c3a69716471c6cc56c6"
dependencies = [
 "bitflags",
 "cryptoki-sys",
 "libloading",
 "log",
 "secrecy",
]

[[package]]
name = "cryptoki-sys"
version = "0.5.0"
source = "registry+https://github.com/rust-lang/crates.io-index"
checksum = "f1fd850498411e4057f1cba79e6e2bc7cbe960544c1046ab46d4685c403a1121"
dependencies = [
 "libloading",
]

[[package]]
name = "cryptokiddie"
version = "0.1.0"
dependencies = [
 "cms",
 "const-oid",
 "cryptoki",
 "cryptoki-sys",
 "der",
 "spki",
 "streebog",
]

[[package]]
name = "der"
version = "0.8.0"
source = "registry+https://github.com/rust-lang/crates.io-index"
checksum = "71fd89660b2dc699704064e59e9dba0147b903e85319429e131620d022be411b"
dependencies = [
 "const-oid",
 "der_derive",
 "flagset",
 "zeroize",
]

[[package]]
name = "der_derive"
version = "0.8.0"
source = "registry+https://github.com/rust-lang/crates.io-index"
checksum = "59600e2c2d636fde9b65e99cc6445ac770c63d3628195ff39932b8d6d7409903"
dependencies = [
 "proc-macro2",
 "quote",
 "syn",
]

[[package]]
name = "digest"
version = "0.11.3"
source = "registry+https://github.com/rust-lang/crates.io-index"
checksum = "f1dd6dbb5841937940781866fa1281a1ff7bd3bf827091440879f9994983d5c2"
dependencies = [
 "block-buffer",
 "const-oid",
 "crypto-common",
]

[[package]]
name = "flagset"
version = "0.4.7"
source = "registry+https://github.com/rust-lang/crates.io-index"
checksum = "b7ac824320a75a52197e8f2d787f6a38b6718bb6897a35142d749af3c0e8f4fe"

[[package]]
name = "hybrid-array"
version = "0.4.12"
source = "registry+https://github.com/rust-lang/crates.io-index"
checksum = "9155a582abd142abc056962c29e3ce5ff2ad5469f4246b537ed42c5deba857da"
dependencies = [
 "typenum",
]

[[package]]
name = "libloading"
version = "0.8.9"
source = "registry+https://github.com/rust-lang/crates.io-index"
checksum = "d7c4b02199fee7c5d21a5ae7d8cfa79a6ef5bb2fc834d6e9058e89c825efdc55"
dependencies = [
 "cfg-if",
 "windows-link",
]

[[package]]
name = "log"
version = "0.4.30"
source = "registry+https://github.com/rust-lang/crates.io-index"
checksum = "616ec5685824bcc94416c6d4a7a446eea774a31efd7062c8480ba6fd06d7a6e5"

[[package]]
name = "proc-macro2"
version = "1.0.106"
source = "registry+https://github.com/rust-lang/crates.io-index"
checksum = "8fd00f0bb2e90d81d1044c2b32617f68fcb9fa3bb7640c23e9c748e53fb30934"
dependencies = [
 "unicode-ident",
]

[[package]]
name = "quote"
version = "1.0.45"
source = "registry+https://github.com/rust-lang/crates.io-index"
checksum = "41f2619966050689382d2b44f664f4bc593e129785a36d6ee376ddf37259b924"
dependencies = [
 "proc-macro2",
]

[[package]]
name = "secrecy"
version = "0.10.3"
source = "registry+https://github.com/rust-lang/crates.io-index"
checksum = "e891af845473308773346dc847b2c23ee78fe442e0472ac50e22a18a93d3ae5a"
dependencies = [
 "zeroize",
]

[[package]]
name = "spki"
version = "0.8.0"
source = "registry+https://github.com/rust-lang/crates.io-index"
checksum = "1d9efca8738c78ee9484207732f728b1ef517bbb1833d6fc0879ca898a522f6f"
dependencies = [
 "base64ct",
 "der",
]

[[package]]
name = "streebog"
version = "0.11.0"
source = "registry+https://github.com/rust-lang/crates.io-index"
checksum = "942b8aca83a17a387b90643abe15430abd0aabc91d6db511e85827e7060746ef"
dependencies = [
 "digest",
]

[[package]]
name = "syn"
version = "2.0.117"
source = "registry+https://github.com/rust-lang/crates.io-index"
checksum = "e665b8803e7b1d2a727f4023456bbbbe74da67099c585258af0ad9c5013b9b99"
dependencies = [
 "proc-macro2",
 "quote",
 "unicode-ident",
]

[[package]]
name = "tls_codec"
version = "0.4.2"
source = "registry+https://github.com/rust-lang/crates.io-index"
checksum = "0de2e01245e2bb89d6f05801c564fa27624dbd7b1846859876c7dad82e90bf6b"
dependencies = [
 "tls_codec_derive",
 "zeroize",
]

[[package]]
name = "tls_codec_derive"
version = "0.4.2"
source = "registry+https://github.com/rust-lang/crates.io-index"
checksum = "2d2e76690929402faae40aebdda620a2c0e25dd6d3b9afe48867dfd95991f4bd"
dependencies = [
 "proc-macro2",
 "quote",
 "syn",
]

[[package]]
name = "typenum"
version = "1.20.0"
source = "registry+https://github.com/rust-lang/crates.io-index"
checksum = "40ce102ab67701b8526c123c1bab5cbe42d7040ccfd0f64af1a385808d2f43de"

[[package]]
name = "unicode-ident"
version = "1.0.24"
source = "registry+https://github.com/rust-lang/crates.io-index"
checksum = "e6e4313cd5fcd3dad5cafa179702e2b244f760991f45397d14d4ebf38247da75"

[[package]]
name = "windows-link"
version = "0.2.1"
source = "registry+https://github.com/rust-lang/crates.io-index"
checksum = "f0805222e57f7521d6a62e36fa9163bc891acd422f971defe97d64e70d0a4fe5"

[[package]]
name = "x509-cert"
version = "0.3.0-rc.4"
source = "registry+https://github.com/rust-lang/crates.io-index"
checksum = "1e21aad3a769f25f3d2d0cbf30ea8b50a1d602354bd6ab687fad112821608ba6"
dependencies = [
 "const-oid",
 "der",
 "spki",
 "tls_codec",
]

[[package]]
name = "zeroize"
version = "1.8.2"
source = "registry+https://github.com/rust-lang/crates.io-index"
checksum = "b97154e67e32c85465826e8bcc1c59429aaaf107c1e4a9e53c8d8ccd5eff88d0"
dependencies = [
 "zeroize_derive",
]

[[package]]
name = "zeroize_derive"
version = "1.4.3"
source = "registry+https://github.com/rust-lang/crates.io-index"
checksum = "85a5b4158499876c763cb03bc4e49185d3cccbabb15b33c627f7884f43db852e"
dependencies = [
 "proc-macro2",
 "quote",
 "syn",
]
